
Microsoft Visual Studio Solution File, Format Version 12.00
# Visual Studio Version 16
VisualStudioVersion = 16.0.29613.14
MinimumVisualStudioVersion = 10.0.40219.1
Project("{9A19103F-16F7-4668-BE54-9A1E7A4F7556}") = "Plugin.CrossPlatformTintedImage.Abstractions", "Nuget\Plugin.CrossPlatformTintedImage.Abstractions\Plugin.CrossPlatformTintedImage.Abstractions.csproj", "{A6FCEF44-D2BA-42C7-B3CB-13667BCD7B54}"
EndProject
Project("{FAE04EC0-301F-11D3-BF4B-00C04F79EFBC}") = "Plugin.CrossPlatformTintedImage.iOS", "Nuget\Plugin.CrossPlatformTintedImage.iOS\Plugin.CrossPlatformTintedImage.iOS.csproj", "{2882AEEB-D4CD-4EB9-8A6C-6653B33681F0}"
EndProject
Project("{FAE04EC0-301F-11D3-BF4B-00C04F79EFBC}") = "Plugin.CrossPlatformTintedImage.Android", "Nuget\Plugin.CrossPlatformTintedImage.Android\Plugin.CrossPlatformTintedImage.Android.csproj", "{56A56F17-7DE1-4CA1-9617-BF32E971AC84}"
EndProject
Project("{FAE04EC0-301F-11D3-BF4B-00C04F79EFBC}") = "Plugin.CrossPlatformTintedImage.UWP", "Nuget\Plugin.CrossPlatformTintedImage.UWP\Plugin.CrossPlatformTintedImage.UWP.csproj", "{B0C61E0A-DFC1-4530-94B8-1929DC47121A}"
EndProject
Project("{2150E333-8FDC-42A3-9474-1A3956D46DE8}") = "Nuget", "Nuget", "{14DB9D7D-600A-4D8B-B416-44B11E33D335}"
EndProject
Project("{2150E333-8FDC-42A3-9474-1A3956D46DE8}") = "Demo", "Demo", "{EF56FE19-7F7D-470E-88CA-B4787EA79EFE}"
EndProject
Project("{FAE04EC0-301F-11D3-BF4B-00C04F79EFBC}") = "Demo.CrossPlatformTintedImage.UWP", "Demo\Demo.CrossPlatformTintedImage.UWP\Demo.CrossPlatformTintedImage.UWP.csproj", "{D593AE36-5052-4904-BD61-CA4CB419779B}"
EndProject
Project("{FAE04EC0-301F-11D3-BF4B-00C04F79EFBC}") = "Demo.CrossPlatformTintedImage.Android", "Demo\Demo.CrossPlatformTintedImage.Android\Demo.CrossPlatformTintedImage.Android.csproj", "{1402979C-CD65-4C58-97A0-F147E00FB616}"
EndProject
Project("{FAE04EC0-301F-11D3-BF4B-00C04F79EFBC}") = "Demo.CrossPlatformTintedImage.iOS", "Demo\Demo.CrossPlatformTintedImage.iOS\Demo.CrossPlatformTintedImage.iOS.csproj", "{6430B3CE-62A7-4D56-B3F0-3918E35B15C2}"
EndProject
Project("{FAE04EC0-301F-11D3-BF4B-00C04F79EFBC}") = "Demo.CrossPlatformTintedImage", "Demo\Demo.CrossPlatformTintedImage\Demo.CrossPlatformTintedImage.csproj", "{E693946F-A958-4C6E-A02A-5EDC7436F4E1}"
EndProject
Global
	GlobalSection(SolutionConfigurationPlatforms) = preSolution
		Ad-Hoc|Any CPU = Ad-Hoc|Any CPU
		Ad-Hoc|ARM = Ad-Hoc|ARM
		Ad-Hoc|iPhone = Ad-Hoc|iPhone
		Ad-Hoc|iPhoneSimulator = Ad-Hoc|iPhoneSimulator
		Ad-Hoc|x64 = Ad-Hoc|x64
		Ad-Hoc|x86 = Ad-Hoc|x86
		AppStore|Any CPU = AppStore|Any CPU
		AppStore|ARM = AppStore|ARM
		AppStore|iPhone = AppStore|iPhone
		AppStore|iPhoneSimulator = AppStore|iPhoneSimulator
		AppStore|x64 = AppStore|x64
		AppStore|x86 = AppStore|x86
		Debug|Any CPU = Debug|Any CPU
		Debug|ARM = Debug|ARM
		Debug|iPhone = Debug|iPhone
		Debug|iPhoneSimulator = Debug|iPhoneSimulator
		Debug|x64 = Debug|x64
		Debug|x86 = Debug|x86
		Release|Any CPU = Release|Any CPU
		Release|ARM = Release|ARM
		Release|iPhone = Release|iPhone
		Release|iPhoneSimulator = Release|iPhoneSimulator
		Release|x64 = Release|x64
		Release|x86 = Release|x86
	EndGlobalSection
	GlobalSection(ProjectConfigurationPlatforms) = postSolution
		{A6FCEF44-D2BA-42C7-B3CB-13667BCD7B54}.Ad-Hoc|Any CPU.ActiveCfg = Release|Any CPU
		{A6FCEF44-D2BA-42C7-B3CB-13667BCD7B54}.Ad-Hoc|Any CPU.Build.0 = Release|Any CPU
		{A6FCEF44-D2BA-42C7-B3CB-13667BCD7B54}.Ad-Hoc|ARM.ActiveCfg = Release|Any CPU
		{A6FCEF44-D2BA-42C7-B3CB-13667BCD7B54}.Ad-Hoc|ARM.Build.0 = Release|Any CPU
		{A6FCEF44-D2BA-42C7-B3CB-13667BCD7B54}.Ad-Hoc|iPhone.ActiveCfg = Release|Any CPU
		{A6FCEF44-D2BA-42C7-B3CB-13667BCD7B54}.Ad-Hoc|iPhone.Build.0 = Release|Any CPU
		{A6FCEF44-D2BA-42C7-B3CB-13667BCD7B54}.Ad-Hoc|iPhoneSimulator.ActiveCfg = Release|Any CPU
		{A6FCEF44-D2BA-42C7-B3CB-13667BCD7B54}.Ad-Hoc|iPhoneSimulator.Build.0 = Release|Any CPU
		{A6FCEF44-D2BA-42C7-B3CB-13667BCD7B54}.Ad-Hoc|x64.ActiveCfg = Release|Any CPU
		{A6FCEF44-D2BA-42C7-B3CB-13667BCD7B54}.Ad-Hoc|x64.Build.0 = Release|Any CPU
		{A6FCEF44-D2BA-42C7-B3CB-13667BCD7B54}.Ad-Hoc|x86.ActiveCfg = Release|Any CPU
		{A6FCEF44-D2BA-42C7-B3CB-13667BCD7B54}.Ad-Hoc|x86.Build.0 = Release|Any CPU
		{A6FCEF44-D2BA-42C7-B3CB-13667BCD7B54}.AppStore|Any CPU.ActiveCfg = Release|Any CPU
		{A6FCEF44-D2BA-42C7-B3CB-13667BCD7B54}.AppStore|Any CPU.Build.0 = Release|Any CPU
		{A6FCEF44-D2BA-42C7-B3CB-13667BCD7B54}.AppStore|ARM.ActiveCfg = Release|Any CPU
		{A6FCEF44-D2BA-42C7-B3CB-13667BCD7B54}.AppStore|ARM.Build.0 = Release|Any CPU
		{A6FCEF44-D2BA-42C7-B3CB-13667BCD7B54}.AppStore|iPhone.ActiveCfg = Release|Any CPU
		{A6FCEF44-D2BA-42C7-B3CB-13667BCD7B54}.AppStore|iPhone.Build.0 = Release|Any CPU
		{A6FCEF44-D2BA-42C7-B3CB-13667BCD7B54}.AppStore|iPhoneSimulator.ActiveCfg = Release|Any CPU
		{A6FCEF44-D2BA-42C7-B3CB-13667BCD7B54}.AppStore|iPhoneSimulator.Build.0 = Release|Any CPU
		{A6FCEF44-D2BA-42C7-B3CB-13667BCD7B54}.AppStore|x64.ActiveCfg = Release|Any CPU
		{A6FCEF44-D2BA-42C7-B3CB-13667BCD7B54}.AppStore|x64.Build.0 = Release|Any CPU
		{A6FCEF44-D2BA-42C7-B3CB-13667BCD7B54}.AppStore|x86.ActiveCfg = Release|Any CPU
		{A6FCEF44-D2BA-42C7-B3CB-13667BCD7B54}.AppStore|x86.Build.0 = Release|Any CPU
		{A6FCEF44-D2BA-42C7-B3CB-13667BCD7B54}.Debug|Any CPU.ActiveCfg = Debug|Any CPU
		{A6FCEF44-D2BA-42C7-B3CB-13667BCD7B54}.Debug|Any CPU.Build.0 = Debug|Any CPU
		{A6FCEF44-D2BA-42C7-B3CB-13667BCD7B54}.Debug|ARM.ActiveCfg = Debug|Any CPU
		{A6FCEF44-D2BA-42C7-B3CB-13667BCD7B54}.Debug|ARM.Build.0 = Debug|Any CPU
		{A6FCEF44-D2BA-42C7-B3CB-13667BCD7B54}.Debug|iPhone.ActiveCfg = Debug|Any CPU
		{A6FCEF44-D2BA-42C7-B3CB-13667BCD7B54}.Debug|iPhone.Build.0 = Debug|Any CPU
		{A6FCEF44-D2BA-42C7-B3CB-13667BCD7B54}.Debug|iPhoneSimulator.ActiveCfg = Debug|Any CPU
		{A6FCEF44-D2BA-42C7-B3CB-13667BCD7B54}.Debug|iPhoneSimulator.Build.0 = Debug|Any CPU
		{A6FCEF44-D2BA-42C7-B3CB-13667BCD7B54}.Debug|x64.ActiveCfg = Debug|Any CPU
		{A6FCEF44-D2BA-42C7-B3CB-13667BCD7B54}.Debug|x64.Build.0 = Debug|Any CPU
		{A6FCEF44-D2BA-42C7-B3CB-13667BCD7B54}.Debug|x86.ActiveCfg = Debug|Any CPU
		{A6FCEF44-D2BA-42C7-B3CB-13667BCD7B54}.Debug|x86.Build.0 = Debug|Any CPU
		{A6FCEF44-D2BA-42C7-B3CB-13667BCD7B54}.Release|Any CPU.ActiveCfg = Release|Any CPU
		{A6FCEF44-D2BA-42C7-B3CB-13667BCD7B54}.Release|Any CPU.Build.0 = Release|Any CPU
		{A6FCEF44-D2BA-42C7-B3CB-13667BCD7B54}.Release|ARM.ActiveCfg = Release|Any CPU
		{A6FCEF44-D2BA-42C7-B3CB-13667BCD7B54}.Release|ARM.Build.0 = Release|Any CPU
		{A6FCEF44-D2BA-42C7-B3CB-13667BCD7B54}.Release|iPhone.ActiveCfg = Release|Any CPU
		{A6FCEF44-D2BA-42C7-B3CB-13667BCD7B54}.Release|iPhone.Build.0 = Release|Any CPU
		{A6FCEF44-D2BA-42C7-B3CB-13667BCD7B54}.Release|iPhoneSimulator.ActiveCfg = Release|Any CPU
		{A6FCEF44-D2BA-42C7-B3CB-13667BCD7B54}.Release|iPhoneSimulator.Build.0 = Release|Any CPU
		{A6FCEF44-D2BA-42C7-B3CB-13667BCD7B54}.Release|x64.ActiveCfg = Release|Any CPU
		{A6FCEF44-D2BA-42C7-B3CB-13667BCD7B54}.Release|x64.Build.0 = Release|Any CPU
		{A6FCEF44-D2BA-42C7-B3CB-13667BCD7B54}.Release|x86.ActiveCfg = Release|Any CPU
		{A6FCEF44-D2BA-42C7-B3CB-13667BCD7B54}.Release|x86.Build.0 = Release|Any CPU
		{2882AEEB-D4CD-4EB9-8A6C-6653B33681F0}.Ad-Hoc|Any CPU.ActiveCfg = Release|Any CPU
		{2882AEEB-D4CD-4EB9-8A6C-6653B33681F0}.Ad-Hoc|Any CPU.Build.0 = Release|Any CPU
		{2882AEEB-D4CD-4EB9-8A6C-6653B33681F0}.Ad-Hoc|ARM.ActiveCfg = Release|Any CPU
		{2882AEEB-D4CD-4EB9-8A6C-6653B33681F0}.Ad-Hoc|ARM.Build.0 = Release|Any CPU
		{2882AEEB-D4CD-4EB9-8A6C-6653B33681F0}.Ad-Hoc|iPhone.ActiveCfg = Release|Any CPU
		{2882AEEB-D4CD-4EB9-8A6C-6653B33681F0}.Ad-Hoc|iPhone.Build.0 = Release|Any CPU
		{2882AEEB-D4CD-4EB9-8A6C-6653B33681F0}.Ad-Hoc|iPhoneSimulator.ActiveCfg = Release|Any CPU
		{2882AEEB-D4CD-4EB9-8A6C-6653B33681F0}.Ad-Hoc|iPhoneSimulator.Build.0 = Release|Any CPU
		{2882AEEB-D4CD-4EB9-8A6C-6653B33681F0}.Ad-Hoc|x64.ActiveCfg = Release|Any CPU
		{2882AEEB-D4CD-4EB9-8A6C-6653B33681F0}.Ad-Hoc|x64.Build.0 = Release|Any CPU
		{2882AEEB-D4CD-4EB9-8A6C-6653B33681F0}.Ad-Hoc|x86.ActiveCfg = Release|Any CPU
		{2882AEEB-D4CD-4EB9-8A6C-6653B33681F0}.Ad-Hoc|x86.Build.0 = Release|Any CPU
		{2882AEEB-D4CD-4EB9-8A6C-6653B33681F0}.AppStore|Any CPU.ActiveCfg = Release|Any CPU
		{2882AEEB-D4CD-4EB9-8A6C-6653B33681F0}.AppStore|Any CPU.Build.0 = Release|Any CPU
		{2882AEEB-D4CD-4EB9-8A6C-6653B33681F0}.AppStore|ARM.ActiveCfg = Release|Any CPU
		{2882AEEB-D4CD-4EB9-8A6C-6653B33681F0}.AppStore|ARM.Build.0 = Release|Any CPU
		{2882AEEB-D4CD-4EB9-8A6C-6653B33681F0}.AppStore|iPhone.ActiveCfg = Release|Any CPU
		{2882AEEB-D4CD-4EB9-8A6C-6653B33681F0}.AppStore|iPhone.Build.0 = Release|Any CPU
		{2882AEEB-D4CD-4EB9-8A6C-6653B33681F0}.AppStore|iPhoneSimulator.ActiveCfg = Release|Any CPU
		{2882AEEB-D4CD-4EB9-8A6C-6653B33681F0}.AppStore|iPhoneSimulator.Build.0 = Release|Any CPU
		{2882AEEB-D4CD-4EB9-8A6C-6653B33681F0}.AppStore|x64.ActiveCfg = Release|Any CPU
		{2882AEEB-D4CD-4EB9-8A6C-6653B33681F0}.AppStore|x64.Build.0 = Release|Any CPU
		{2882AEEB-D4CD-4EB9-8A6C-6653B33681F0}.AppStore|x86.ActiveCfg = Release|Any CPU
		{2882AEEB-D4CD-4EB9-8A6C-6653B33681F0}.AppStore|x86.Build.0 = Release|Any CPU
		{2882AEEB-D4CD-4EB9-8A6C-6653B33681F0}.Debug|Any CPU.ActiveCfg = Debug|Any CPU
		{2882AEEB-D4CD-4EB9-8A6C-6653B33681F0}.Debug|Any CPU.Build.0 = Debug|Any CPU
		{2882AEEB-D4CD-4EB9-8A6C-6653B33681F0}.Debug|ARM.ActiveCfg = Debug|Any CPU
		{2882AEEB-D4CD-4EB9-8A6C-6653B33681F0}.Debug|ARM.Build.0 = Debug|Any CPU
		{2882AEEB-D4CD-4EB9-8A6C-6653B33681F0}.Debug|iPhone.ActiveCfg = Debug|Any CPU
		{2882AEEB-D4CD-4EB9-8A6C-6653B33681F0}.Debug|iPhone.Build.0 = Debug|Any CPU
		{2882AEEB-D4CD-4EB9-8A6C-6653B33681F0}.Debug|iPhoneSimulator.ActiveCfg = Debug|Any CPU
		{2882AEEB-D4CD-4EB9-8A6C-6653B33681F0}.Debug|iPhoneSimulator.Build.0 = Debug|Any CPU
		{2882AEEB-D4CD-4EB9-8A6C-6653B33681F0}.Debug|x64.ActiveCfg = Debug|Any CPU
		{2882AEEB-D4CD-4EB9-8A6C-6653B33681F0}.Debug|x64.Build.0 = Debug|Any CPU
		{2882AEEB-D4CD-4EB9-8A6C-6653B33681F0}.Debug|x86.ActiveCfg = Debug|Any CPU
		{2882AEEB-D4CD-4EB9-8A6C-6653B33681F0}.Debug|x86.Build.0 = Debug|Any CPU
		{2882AEEB-D4CD-4EB9-8A6C-6653B33681F0}.Release|Any CPU.ActiveCfg = Release|Any CPU
		{2882AEEB-D4CD-4EB9-8A6C-6653B33681F0}.Release|Any CPU.Build.0 = Release|Any CPU
		{2882AEEB-D4CD-4EB9-8A6C-6653B33681F0}.Release|Any CPU.Deploy.0 = Release|Any CPU
		{2882AEEB-D4CD-4EB9-8A6C-6653B33681F0}.Release|ARM.ActiveCfg = Release|Any CPU
		{2882AEEB-D4CD-4EB9-8A6C-6653B33681F0}.Release|ARM.Build.0 = Release|Any CPU
		{2882AEEB-D4CD-4EB9-8A6C-6653B33681F0}.Release|iPhone.ActiveCfg = Release|Any CPU
		{2882AEEB-D4CD-4EB9-8A6C-6653B33681F0}.Release|iPhone.Build.0 = Release|Any CPU
		{2882AEEB-D4CD-4EB9-8A6C-6653B33681F0}.Release|iPhoneSimulator.ActiveCfg = Release|Any CPU
		{2882AEEB-D4CD-4EB9-8A6C-6653B33681F0}.Release|iPhoneSimulator.Build.0 = Release|Any CPU
		{2882AEEB-D4CD-4EB9-8A6C-6653B33681F0}.Release|x64.ActiveCfg = Release|Any CPU
		{2882AEEB-D4CD-4EB9-8A6C-6653B33681F0}.Release|x64.Build.0 = Release|Any CPU
		{2882AEEB-D4CD-4EB9-8A6C-6653B33681F0}.Release|x86.ActiveCfg = Release|Any CPU
		{2882AEEB-D4CD-4EB9-8A6C-6653B33681F0}.Release|x86.Build.0 = Release|Any CPU
		{56A56F17-7DE1-4CA1-9617-BF32E971AC84}.Ad-Hoc|Any CPU.ActiveCfg = Release|Any CPU
		{56A56F17-7DE1-4CA1-9617-BF32E971AC84}.Ad-Hoc|Any CPU.Build.0 = Release|Any CPU
		{56A56F17-7DE1-4CA1-9617-BF32E971AC84}.Ad-Hoc|ARM.ActiveCfg = Release|Any CPU
		{56A56F17-7DE1-4CA1-9617-BF32E971AC84}.Ad-Hoc|ARM.Build.0 = Release|Any CPU
		{56A56F17-7DE1-4CA1-9617-BF32E971AC84}.Ad-Hoc|iPhone.ActiveCfg = Release|Any CPU
		{56A56F17-7DE1-4CA1-9617-BF32E971AC84}.Ad-Hoc|iPhone.Build.0 = Release|Any CPU
		{56A56F17-7DE1-4CA1-9617-BF32E971AC84}.Ad-Hoc|iPhoneSimulator.ActiveCfg = Release|Any CPU
		{56A56F17-7DE1-4CA1-9617-BF32E971AC84}.Ad-Hoc|iPhoneSimulator.Build.0 = Release|Any CPU
		{56A56F17-7DE1-4CA1-9617-BF32E971AC84}.Ad-Hoc|x64.ActiveCfg = Release|Any CPU
		{56A56F17-7DE1-4CA1-9617-BF32E971AC84}.Ad-Hoc|x64.Build.0 = Release|Any CPU
		{56A56F17-7DE1-4CA1-9617-BF32E971AC84}.Ad-Hoc|x86.ActiveCfg = Release|Any CPU
		{56A56F17-7DE1-4CA1-9617-BF32E971AC84}.Ad-Hoc|x86.Build.0 = Release|Any CPU
		{56A56F17-7DE1-4CA1-9617-BF32E971AC84}.AppStore|Any CPU.ActiveCfg = Release|Any CPU
		{56A56F17-7DE1-4CA1-9617-BF32E971AC84}.AppStore|Any CPU.Build.0 = Release|Any CPU
		{56A56F17-7DE1-4CA1-9617-BF32E971AC84}.AppStore|ARM.ActiveCfg = Release|Any CPU
		{56A56F17-7DE1-4CA1-9617-BF32E971AC84}.AppStore|ARM.Build.0 = Release|Any CPU
		{56A56F17-7DE1-4CA1-9617-BF32E971AC84}.AppStore|iPhone.ActiveCfg = Release|Any CPU
		{56A56F17-7DE1-4CA1-9617-BF32E971AC84}.AppStore|iPhone.Build.0 = Release|Any CPU
		{56A56F17-7DE1-4CA1-9617-BF32E971AC84}.AppStore|iPhoneSimulator.ActiveCfg = Release|Any CPU
		{56A56F17-7DE1-4CA1-9617-BF32E971AC84}.AppStore|iPhoneSimulator.Build.0 = Release|Any CPU
		{56A56F17-7DE1-4CA1-9617-BF32E971AC84}.AppStore|x64.ActiveCfg = Release|Any CPU
		{56A56F17-7DE1-4CA1-9617-BF32E971AC84}.AppStore|x64.Build.0 = Release|Any CPU
		{56A56F17-7DE1-4CA1-9617-BF32E971AC84}.AppStore|x86.ActiveCfg = Release|Any CPU
		{56A56F17-7DE1-4CA1-9617-BF32E971AC84}.AppStore|x86.Build.0 = Release|Any CPU
		{56A56F17-7DE1-4CA1-9617-BF32E971AC84}.Debug|Any CPU.ActiveCfg = Debug|Any CPU
		{56A56F17-7DE1-4CA1-9617-BF32E971AC84}.Debug|Any CPU.Build.0 = Debug|Any CPU
		{56A56F17-7DE1-4CA1-9617-BF32E971AC84}.Debug|ARM.ActiveCfg = Debug|Any CPU
		{56A56F17-7DE1-4CA1-9617-BF32E971AC84}.Debug|ARM.Build.0 = Debug|Any CPU
		{56A56F17-7DE1-4CA1-9617-BF32E971AC84}.Debug|iPhone.ActiveCfg = Debug|Any CPU
		{56A56F17-7DE1-4CA1-9617-BF32E971AC84}.Debug|iPhone.Build.0 = Debug|Any CPU
		{56A56F17-7DE1-4CA1-9617-BF32E971AC84}.Debug|iPhoneSimulator.ActiveCfg = Debug|Any CPU
		{56A56F17-7DE1-4CA1-9617-BF32E971AC84}.Debug|iPhoneSimulator.Build.0 = Debug|Any CPU
		{56A56F17-7DE1-4CA1-9617-BF32E971AC84}.Debug|x64.ActiveCfg = Debug|Any CPU
		{56A56F17-7DE1-4CA1-9617-BF32E971AC84}.Debug|x64.Build.0 = Debug|Any CPU
		{56A56F17-7DE1-4CA1-9617-BF32E971AC84}.Debug|x86.ActiveCfg = Debug|Any CPU
		{56A56F17-7DE1-4CA1-9617-BF32E971AC84}.Debug|x86.Build.0 = Debug|Any CPU
		{56A56F17-7DE1-4CA1-9617-BF32E971AC84}.Release|Any CPU.ActiveCfg = Release|Any CPU
		{56A56F17-7DE1-4CA1-9617-BF32E971AC84}.Release|Any CPU.Build.0 = Release|Any CPU
		{56A56F17-7DE1-4CA1-9617-BF32E971AC84}.Release|ARM.ActiveCfg = Release|Any CPU
		{56A56F17-7DE1-4CA1-9617-BF32E971AC84}.Release|ARM.Build.0 = Release|Any CPU
		{56A56F17-7DE1-4CA1-9617-BF32E971AC84}.Release|iPhone.ActiveCfg = Release|Any CPU
		{56A56F17-7DE1-4CA1-9617-BF32E971AC84}.Release|iPhone.Build.0 = Release|Any CPU
		{56A56F17-7DE1-4CA1-9617-BF32E971AC84}.Release|iPhoneSimulator.ActiveCfg = Release|Any CPU
		{56A56F17-7DE1-4CA1-9617-BF32E971AC84}.Release|iPhoneSimulator.Build.0 = Release|Any CPU
		{56A56F17-7DE1-4CA1-9617-BF32E971AC84}.Release|x64.ActiveCfg = Release|Any CPU
		{56A56F17-7DE1-4CA1-9617-BF32E971AC84}.Release|x64.Build.0 = Release|Any CPU
		{56A56F17-7DE1-4CA1-9617-BF32E971AC84}.Release|x86.ActiveCfg = Release|Any CPU
		{56A56F17-7DE1-4CA1-9617-BF32E971AC84}.Release|x86.Build.0 = Release|Any CPU
		{B0C61E0A-DFC1-4530-94B8-1929DC47121A}.Ad-Hoc|Any CPU.ActiveCfg = Release|Any CPU
		{B0C61E0A-DFC1-4530-94B8-1929DC47121A}.Ad-Hoc|Any CPU.Build.0 = Release|Any CPU
		{B0C61E0A-DFC1-4530-94B8-1929DC47121A}.Ad-Hoc|ARM.ActiveCfg = Release|ARM
		{B0C61E0A-DFC1-4530-94B8-1929DC47121A}.Ad-Hoc|ARM.Build.0 = Release|ARM
		{B0C61E0A-DFC1-4530-94B8-1929DC47121A}.Ad-Hoc|iPhone.ActiveCfg = Release|Any CPU
		{B0C61E0A-DFC1-4530-94B8-1929DC47121A}.Ad-Hoc|iPhone.Build.0 = Release|Any CPU
		{B0C61E0A-DFC1-4530-94B8-1929DC47121A}.Ad-Hoc|iPhoneSimulator.ActiveCfg = Release|Any CPU
		{B0C61E0A-DFC1-4530-94B8-1929DC47121A}.Ad-Hoc|iPhoneSimulator.Build.0 = Release|Any CPU
		{B0C61E0A-DFC1-4530-94B8-1929DC47121A}.Ad-Hoc|x64.ActiveCfg = Release|x64
		{B0C61E0A-DFC1-4530-94B8-1929DC47121A}.Ad-Hoc|x64.Build.0 = Release|x64
		{B0C61E0A-DFC1-4530-94B8-1929DC47121A}.Ad-Hoc|x86.ActiveCfg = Release|x86
		{B0C61E0A-DFC1-4530-94B8-1929DC47121A}.Ad-Hoc|x86.Build.0 = Release|x86
		{B0C61E0A-DFC1-4530-94B8-1929DC47121A}.AppStore|Any CPU.ActiveCfg = Release|Any CPU
		{B0C61E0A-DFC1-4530-94B8-1929DC47121A}.AppStore|Any CPU.Build.0 = Release|Any CPU
		{B0C61E0A-DFC1-4530-94B8-1929DC47121A}.AppStore|ARM.ActiveCfg = Release|ARM
		{B0C61E0A-DFC1-4530-94B8-1929DC47121A}.AppStore|ARM.Build.0 = Release|ARM
		{B0C61E0A-DFC1-4530-94B8-1929DC47121A}.AppStore|iPhone.ActiveCfg = Release|Any CPU
		{B0C61E0A-DFC1-4530-94B8-1929DC47121A}.AppStore|iPhone.Build.0 = Release|Any CPU
		{B0C61E0A-DFC1-4530-94B8-1929DC47121A}.AppStore|iPhoneSimulator.ActiveCfg = Release|Any CPU
		{B0C61E0A-DFC1-4530-94B8-1929DC47121A}.AppStore|iPhoneSimulator.Build.0 = Release|Any CPU
		{B0C61E0A-DFC1-4530-94B8-1929DC47121A}.AppStore|x64.ActiveCfg = Release|x64
		{B0C61E0A-DFC1-4530-94B8-1929DC47121A}.AppStore|x64.Build.0 = Release|x64
		{B0C61E0A-DFC1-4530-94B8-1929DC47121A}.AppStore|x86.ActiveCfg = Release|x86
		{B0C61E0A-DFC1-4530-94B8-1929DC47121A}.AppStore|x86.Build.0 = Release|x86
		{B0C61E0A-DFC1-4530-94B8-1929DC47121A}.Debug|Any CPU.ActiveCfg = Debug|Any CPU
		{B0C61E0A-DFC1-4530-94B8-1929DC47121A}.Debug|Any CPU.Build.0 = Debug|Any CPU
		{B0C61E0A-DFC1-4530-94B8-1929DC47121A}.Debug|ARM.ActiveCfg = Debug|ARM
		{B0C61E0A-DFC1-4530-94B8-1929DC47121A}.Debug|ARM.Build.0 = Debug|ARM
		{B0C61E0A-DFC1-4530-94B8-1929DC47121A}.Debug|iPhone.ActiveCfg = Debug|Any CPU
		{B0C61E0A-DFC1-4530-94B8-1929DC47121A}.Debug|iPhone.Build.0 = Debug|Any CPU
		{B0C61E0A-DFC1-4530-94B8-1929DC47121A}.Debug|iPhoneSimulator.ActiveCfg = Debug|Any CPU
		{B0C61E0A-DFC1-4530-94B8-1929DC47121A}.Debug|iPhoneSimulator.Build.0 = Debug|Any CPU
		{B0C61E0A-DFC1-4530-94B8-1929DC47121A}.Debug|x64.ActiveCfg = Debug|x64
		{B0C61E0A-DFC1-4530-94B8-1929DC47121A}.Debug|x64.Build.0 = Debug|x64
		{B0C61E0A-DFC1-4530-94B8-1929DC47121A}.Debug|x86.ActiveCfg = Debug|x86
		{B0C61E0A-DFC1-4530-94B8-1929DC47121A}.Debug|x86.Build.0 = Debug|x86
		{B0C61E0A-DFC1-4530-94B8-1929DC47121A}.Release|Any CPU.ActiveCfg = Release|Any CPU
		{B0C61E0A-DFC1-4530-94B8-1929DC47121A}.Release|Any CPU.Build.0 = Release|Any CPU
		{B0C61E0A-DFC1-4530-94B8-1929DC47121A}.Release|ARM.ActiveCfg = Release|ARM
		{B0C61E0A-DFC1-4530-94B8-1929DC47121A}.Release|ARM.Build.0 = Release|ARM
		{B0C61E0A-DFC1-4530-94B8-1929DC47121A}.Release|iPhone.ActiveCfg = Release|Any CPU
		{B0C61E0A-DFC1-4530-94B8-1929DC47121A}.Release|iPhone.Build.0 = Release|Any CPU
		{B0C61E0A-DFC1-4530-94B8-1929DC47121A}.Release|iPhoneSimulator.ActiveCfg = Release|Any CPU
		{B0C61E0A-DFC1-4530-94B8-1929DC47121A}.Release|iPhoneSimulator.Build.0 = Release|Any CPU
		{B0C61E0A-DFC1-4530-94B8-1929DC47121A}.Release|x64.ActiveCfg = Release|x64
		{B0C61E0A-DFC1-4530-94B8-1929DC47121A}.Release|x64.Build.0 = Release|x64
		{B0C61E0A-DFC1-4530-94B8-1929DC47121A}.Release|x86.ActiveCfg = Release|x86
		{B0C61E0A-DFC1-4530-94B8-1929DC47121A}.Release|x86.Build.0 = Release|x86
		{D593AE36-5052-4904-BD61-CA4CB419779B}.Ad-Hoc|Any CPU.ActiveCfg = Release|x86
		{D593AE36-5052-4904-BD61-CA4CB419779B}.Ad-Hoc|Any CPU.Build.0 = Release|x86
		{D593AE36-5052-4904-BD61-CA4CB419779B}.Ad-Hoc|Any CPU.Deploy.0 = Release|x86
		{D593AE36-5052-4904-BD61-CA4CB419779B}.Ad-Hoc|ARM.ActiveCfg = Release|ARM
		{D593AE36-5052-4904-BD61-CA4CB419779B}.Ad-Hoc|ARM.Build.0 = Release|ARM
		{D593AE36-5052-4904-BD61-CA4CB419779B}.Ad-Hoc|ARM.Deploy.0 = Release|ARM
		{D593AE36-5052-4904-BD61-CA4CB419779B}.Ad-Hoc|iPhone.ActiveCfg = Release|x86
		{D593AE36-5052-4904-BD61-CA4CB419779B}.Ad-Hoc|iPhone.Build.0 = Release|x86
		{D593AE36-5052-4904-BD61-CA4CB419779B}.Ad-Hoc|iPhone.Deploy.0 = Release|x86
		{D593AE36-5052-4904-BD61-CA4CB419779B}.Ad-Hoc|iPhoneSimulator.ActiveCfg = Release|x86
		{D593AE36-5052-4904-BD61-CA4CB419779B}.Ad-Hoc|iPhoneSimulator.Build.0 = Release|x86
		{D593AE36-5052-4904-BD61-CA4CB419779B}.Ad-Hoc|iPhoneSimulator.Deploy.0 = Release|x86
		{D593AE36-5052-4904-BD61-CA4CB419779B}.Ad-Hoc|x64.ActiveCfg = Release|x64
		{D593AE36-5052-4904-BD61-CA4CB419779B}.Ad-Hoc|x64.Build.0 = Release|x64
		{D593AE36-5052-4904-BD61-CA4CB419779B}.Ad-Hoc|x64.Deploy.0 = Release|x64
		{D593AE36-5052-4904-BD61-CA4CB419779B}.Ad-Hoc|x86.ActiveCfg = Release|x86
		{D593AE36-5052-4904-BD61-CA4CB419779B}.Ad-Hoc|x86.Build.0 = Release|x86
		{D593AE36-5052-4904-BD61-CA4CB419779B}.Ad-Hoc|x86.Deploy.0 = Release|x86
		{D593AE36-5052-4904-BD61-CA4CB419779B}.AppStore|Any CPU.ActiveCfg = Release|x86
		{D593AE36-5052-4904-BD61-CA4CB419779B}.AppStore|Any CPU.Build.0 = Release|x86
		{D593AE36-5052-4904-BD61-CA4CB419779B}.AppStore|Any CPU.Deploy.0 = Release|x86
		{D593AE36-5052-4904-BD61-CA4CB419779B}.AppStore|ARM.ActiveCfg = Release|ARM
		{D593AE36-5052-4904-BD61-CA4CB419779B}.AppStore|ARM.Build.0 = Release|ARM
		{D593AE36-5052-4904-BD61-CA4CB419779B}.AppStore|ARM.Deploy.0 = Release|ARM
		{D593AE36-5052-4904-BD61-CA4CB419779B}.AppStore|iPhone.ActiveCfg = Release|x86
		{D593AE36-5052-4904-BD61-CA4CB419779B}.AppStore|iPhone.Build.0 = Release|x86
		{D593AE36-5052-4904-BD61-CA4CB419779B}.AppStore|iPhone.Deploy.0 = Release|x86
		{D593AE36-5052-4904-BD61-CA4CB419779B}.AppStore|iPhoneSimulator.ActiveCfg = Release|x86
		{D593AE36-5052-4904-BD61-CA4CB419779B}.AppStore|iPhoneSimulator.Build.0 = Release|x86
		{D593AE36-5052-4904-BD61-CA4CB419779B}.AppStore|iPhoneSimulator.Deploy.0 = Release|x86
		{D593AE36-5052-4904-BD61-CA4CB419779B}.AppStore|x64.ActiveCfg = Release|x64
		{D593AE36-5052-4904-BD61-CA4CB419779B}.AppStore|x64.Build.0 = Release|x64
		{D593AE36-5052-4904-BD61-CA4CB419779B}.AppStore|x64.Deploy.0 = Release|x64
		{D593AE36-5052-4904-BD61-CA4CB419779B}.AppStore|x86.ActiveCfg = Release|x86
		{D593AE36-5052-4904-BD61-CA4CB419779B}.AppStore|x86.Build.0 = Release|x86
		{D593AE36-5052-4904-BD61-CA4CB419779B}.AppStore|x86.Deploy.0 = Release|x86
		{D593AE36-5052-4904-BD61-CA4CB419779B}.Debug|Any CPU.ActiveCfg = Debug|x86
		{D593AE36-5052-4904-BD61-CA4CB419779B}.Debug|ARM.ActiveCfg = Debug|ARM
		{D593AE36-5052-4904-BD61-CA4CB419779B}.Debug|ARM.Build.0 = Debug|ARM
		{D593AE36-5052-4904-BD61-CA4CB419779B}.Debug|ARM.Deploy.0 = Debug|ARM
		{D593AE36-5052-4904-BD61-CA4CB419779B}.Debug|iPhone.ActiveCfg = Debug|x86
		{D593AE36-5052-4904-BD61-CA4CB419779B}.Debug|iPhoneSimulator.ActiveCfg = Debug|x86
		{D593AE36-5052-4904-BD61-CA4CB419779B}.Debug|x64.ActiveCfg = Debug|x64
		{D593AE36-5052-4904-BD61-CA4CB419779B}.Debug|x64.Build.0 = Debug|x64
		{D593AE36-5052-4904-BD61-CA4CB419779B}.Debug|x64.Deploy.0 = Debug|x64
		{D593AE36-5052-4904-BD61-CA4CB419779B}.Debug|x86.ActiveCfg = Debug|x86
		{D593AE36-5052-4904-BD61-CA4CB419779B}.Debug|x86.Build.0 = Debug|x86
		{D593AE36-5052-4904-BD61-CA4CB419779B}.Debug|x86.Deploy.0 = Debug|x86
		{D593AE36-5052-4904-BD61-CA4CB419779B}.Release|Any CPU.ActiveCfg = Release|x86
		{D593AE36-5052-4904-BD61-CA4CB419779B}.Release|ARM.ActiveCfg = Release|ARM
		{D593AE36-5052-4904-BD61-CA4CB419779B}.Release|ARM.Build.0 = Release|ARM
		{D593AE36-5052-4904-BD61-CA4CB419779B}.Release|ARM.Deploy.0 = Release|ARM
		{D593AE36-5052-4904-BD61-CA4CB419779B}.Release|iPhone.ActiveCfg = Release|x86
		{D593AE36-5052-4904-BD61-CA4CB419779B}.Release|iPhoneSimulator.ActiveCfg = Release|x86
		{D593AE36-5052-4904-BD61-CA4CB419779B}.Release|x64.ActiveCfg = Release|x64
		{D593AE36-5052-4904-BD61-CA4CB419779B}.Release|x64.Build.0 = Release|x64
		{D593AE36-5052-4904-BD61-CA4CB419779B}.Release|x64.Deploy.0 = Release|x64
		{D593AE36-5052-4904-BD61-CA4CB419779B}.Release|x86.ActiveCfg = Release|x86
		{D593AE36-5052-4904-BD61-CA4CB419779B}.Release|x86.Build.0 = Release|x86
		{D593AE36-5052-4904-BD61-CA4CB419779B}.Release|x86.Deploy.0 = Release|x86
		{1402979C-CD65-4C58-97A0-F147E00FB616}.Ad-Hoc|Any CPU.ActiveCfg = Release|Any CPU
		{1402979C-CD65-4C58-97A0-F147E00FB616}.Ad-Hoc|Any CPU.Build.0 = Release|Any CPU
		{1402979C-CD65-4C58-97A0-F147E00FB616}.Ad-Hoc|Any CPU.Deploy.0 = Release|Any CPU
		{1402979C-CD65-4C58-97A0-F147E00FB616}.Ad-Hoc|ARM.ActiveCfg = Release|Any CPU
		{1402979C-CD65-4C58-97A0-F147E00FB616}.Ad-Hoc|ARM.Build.0 = Release|Any CPU
		{1402979C-CD65-4C58-97A0-F147E00FB616}.Ad-Hoc|ARM.Deploy.0 = Release|Any CPU
		{1402979C-CD65-4C58-97A0-F147E00FB616}.Ad-Hoc|iPhone.ActiveCfg = Release|Any CPU
		{1402979C-CD65-4C58-97A0-F147E00FB616}.Ad-Hoc|iPhone.Build.0 = Release|Any CPU
		{1402979C-CD65-4C58-97A0-F147E00FB616}.Ad-Hoc|iPhone.Deploy.0 = Release|Any CPU
		{1402979C-CD65-4C58-97A0-F147E00FB616}.Ad-Hoc|iPhoneSimulator.ActiveCfg = Release|Any CPU
		{1402979C-CD65-4C58-97A0-F147E00FB616}.Ad-Hoc|iPhoneSimulator.Build.0 = Release|Any CPU
		{1402979C-CD65-4C58-97A0-F147E00FB616}.Ad-Hoc|iPhoneSimulator.Deploy.0 = Release|Any CPU
		{1402979C-CD65-4C58-97A0-F147E00FB616}.Ad-Hoc|x64.ActiveCfg = Release|Any CPU
		{1402979C-CD65-4C58-97A0-F147E00FB616}.Ad-Hoc|x64.Build.0 = Release|Any CPU
		{1402979C-CD65-4C58-97A0-F147E00FB616}.Ad-Hoc|x64.Deploy.0 = Release|Any CPU
		{1402979C-CD65-4C58-97A0-F147E00FB616}.Ad-Hoc|x86.ActiveCfg = Release|Any CPU
		{1402979C-CD65-4C58-97A0-F147E00FB616}.Ad-Hoc|x86.Build.0 = Release|Any CPU
		{1402979C-CD65-4C58-97A0-F147E00FB616}.Ad-Hoc|x86.Deploy.0 = Release|Any CPU
		{1402979C-CD65-4C58-97A0-F147E00FB616}.AppStore|Any CPU.ActiveCfg = Release|Any CPU
		{1402979C-CD65-4C58-97A0-F147E00FB616}.AppStore|Any CPU.Build.0 = Release|Any CPU
		{1402979C-CD65-4C58-97A0-F147E00FB616}.AppStore|Any CPU.Deploy.0 = Release|Any CPU
		{1402979C-CD65-4C58-97A0-F147E00FB616}.AppStore|ARM.ActiveCfg = Release|Any CPU
		{1402979C-CD65-4C58-97A0-F147E00FB616}.AppStore|ARM.Build.0 = Release|Any CPU
		{1402979C-CD65-4C58-97A0-F147E00FB616}.AppStore|ARM.Deploy.0 = Release|Any CPU
		{1402979C-CD65-4C58-97A0-F147E00FB616}.AppStore|iPhone.ActiveCfg = Release|Any CPU
		{1402979C-CD65-4C58-97A0-F147E00FB616}.AppStore|iPhone.Build.0 = Release|Any CPU
		{1402979C-CD65-4C58-97A0-F147E00FB616}.AppStore|iPhone.Deploy.0 = Release|Any CPU
		{1402979C-CD65-4C58-97A0-F147E00FB616}.AppStore|iPhoneSimulator.ActiveCfg = Release|Any CPU
		{1402979C-CD65-4C58-97A0-F147E00FB616}.AppStore|iPhoneSimulator.Build.0 = Release|Any CPU
		{1402979C-CD65-4C58-97A0-F147E00FB616}.AppStore|iPhoneSimulator.Deploy.0 = Release|Any CPU
		{1402979C-CD65-4C58-97A0-F147E00FB616}.AppStore|x64.ActiveCfg = Release|Any CPU
		{1402979C-CD65-4C58-97A0-F147E00FB616}.AppStore|x64.Build.0 = Release|Any CPU
		{1402979C-CD65-4C58-97A0-F147E00FB616}.AppStore|x64.Deploy.0 = Release|Any CPU
		{1402979C-CD65-4C58-97A0-F147E00FB616}.AppStore|x86.ActiveCfg = Release|Any CPU
		{1402979C-CD65-4C58-97A0-F147E00FB616}.AppStore|x86.Build.0 = Release|Any CPU
		{1402979C-CD65-4C58-97A0-F147E00FB616}.AppStore|x86.Deploy.0 = Release|Any CPU
		{1402979C-CD65-4C58-97A0-F147E00FB616}.Debug|Any CPU.ActiveCfg = Debug|Any CPU
		{1402979C-CD65-4C58-97A0-F147E00FB616}.Debug|Any CPU.Build.0 = Debug|Any CPU
		{1402979C-CD65-4C58-97A0-F147E00FB616}.Debug|Any CPU.Deploy.0 = Debug|Any CPU
		{1402979C-CD65-4C58-97A0-F147E00FB616}.Debug|ARM.ActiveCfg = Debug|Any CPU
		{1402979C-CD65-4C58-97A0-F147E00FB616}.Debug|ARM.Build.0 = Debug|Any CPU
		{1402979C-CD65-4C58-97A0-F147E00FB616}.Debug|ARM.Deploy.0 = Debug|Any CPU
		{1402979C-CD65-4C58-97A0-F147E00FB616}.Debug|iPhone.ActiveCfg = Debug|Any CPU
		{1402979C-CD65-4C58-97A0-F147E00FB616}.Debug|iPhone.Build.0 = Debug|Any CPU
		{1402979C-CD65-4C58-97A0-F147E00FB616}.Debug|iPhone.Deploy.0 = Debug|Any CPU
		{1402979C-CD65-4C58-97A0-F147E00FB616}.Debug|iPhoneSimulator.ActiveCfg = Debug|Any CPU
		{1402979C-CD65-4C58-97A0-F147E00FB616}.Debug|iPhoneSimulator.Build.0 = Debug|Any CPU
		{1402979C-CD65-4C58-97A0-F147E00FB616}.Debug|iPhoneSimulator.Deploy.0 = Debug|Any CPU
		{1402979C-CD65-4C58-97A0-F147E00FB616}.Debug|x64.ActiveCfg = Debug|Any CPU
		{1402979C-CD65-4C58-97A0-F147E00FB616}.Debug|x64.Build.0 = Debug|Any CPU
		{1402979C-CD65-4C58-97A0-F147E00FB616}.Debug|x64.Deploy.0 = Debug|Any CPU
		{1402979C-CD65-4C58-97A0-F147E00FB616}.Debug|x86.ActiveCfg = Debug|Any CPU
		{1402979C-CD65-4C58-97A0-F147E00FB616}.Debug|x86.Build.0 = Debug|Any CPU
		{1402979C-CD65-4C58-97A0-F147E00FB616}.Debug|x86.Deploy.0 = Debug|Any CPU
		{1402979C-CD65-4C58-97A0-F147E00FB616}.Release|Any CPU.ActiveCfg = Release|Any CPU
		{1402979C-CD65-4C58-97A0-F147E00FB616}.Release|Any CPU.Build.0 = Release|Any CPU
		{1402979C-CD65-4C58-97A0-F147E00FB616}.Release|Any CPU.Deploy.0 = Release|Any CPU
		{1402979C-CD65-4C58-97A0-F147E00FB616}.Release|ARM.ActiveCfg = Release|Any CPU
		{1402979C-CD65-4C58-97A0-F147E00FB616}.Release|ARM.Build.0 = Release|Any CPU
		{1402979C-CD65-4C58-97A0-F147E00FB616}.Release|ARM.Deploy.0 = Release|Any CPU
		{1402979C-CD65-4C58-97A0-F147E00FB616}.Release|iPhone.ActiveCfg = Release|Any CPU
		{1402979C-CD65-4C58-97A0-F147E00FB616}.Release|iPhone.Build.0 = Release|Any CPU
		{1402979C-CD65-4C58-97A0-F147E00FB616}.Release|iPhone.Deploy.0 = Release|Any CPU
		{1402979C-CD65-4C58-97A0-F147E00FB616}.Release|iPhoneSimulator.ActiveCfg = Release|Any CPU
		{1402979C-CD65-4C58-97A0-F147E00FB616}.Release|iPhoneSimulator.Build.0 = Release|Any CPU
		{1402979C-CD65-4C58-97A0-F147E00FB616}.Release|iPhoneSimulator.Deploy.0 = Release|Any CPU
		{1402979C-CD65-4C58-97A0-F147E00FB616}.Release|x64.ActiveCfg = Release|Any CPU
		{1402979C-CD65-4C58-97A0-F147E00FB616}.Release|x64.Build.0 = Release|Any CPU
		{1402979C-CD65-4C58-97A0-F147E00FB616}.Release|x64.Deploy.0 = Release|Any CPU
		{1402979C-CD65-4C58-97A0-F147E00FB616}.Release|x86.ActiveCfg = Release|Any CPU
		{1402979C-CD65-4C58-97A0-F147E00FB616}.Release|x86.Build.0 = Release|Any CPU
		{1402979C-CD65-4C58-97A0-F147E00FB616}.Release|x86.Deploy.0 = Release|Any CPU
		{6430B3CE-62A7-4D56-B3F0-3918E35B15C2}.Ad-Hoc|Any CPU.ActiveCfg = Release|iPhone
		{6430B3CE-62A7-4D56-B3F0-3918E35B15C2}.Ad-Hoc|Any CPU.Build.0 = Release|iPhone
		{6430B3CE-62A7-4D56-B3F0-3918E35B15C2}.Ad-Hoc|ARM.ActiveCfg = Release|iPhone
		{6430B3CE-62A7-4D56-B3F0-3918E35B15C2}.Ad-Hoc|ARM.Build.0 = Release|iPhone
		{6430B3CE-62A7-4D56-B3F0-3918E35B15C2}.Ad-Hoc|iPhone.ActiveCfg = Release|iPhone
		{6430B3CE-62A7-4D56-B3F0-3918E35B15C2}.Ad-Hoc|iPhone.Build.0 = Release|iPhone
		{6430B3CE-62A7-4D56-B3F0-3918E35B15C2}.Ad-Hoc|iPhoneSimulator.ActiveCfg = Release|iPhoneSimulator
		{6430B3CE-62A7-4D56-B3F0-3918E35B15C2}.Ad-Hoc|iPhoneSimulator.Build.0 = Release|iPhoneSimulator
		{6430B3CE-62A7-4D56-B3F0-3918E35B15C2}.Ad-Hoc|x64.ActiveCfg = Release|iPhone
		{6430B3CE-62A7-4D56-B3F0-3918E35B15C2}.Ad-Hoc|x64.Build.0 = Release|iPhone
		{6430B3CE-62A7-4D56-B3F0-3918E35B15C2}.Ad-Hoc|x86.ActiveCfg = Release|iPhone
		{6430B3CE-62A7-4D56-B3F0-3918E35B15C2}.Ad-Hoc|x86.Build.0 = Release|iPhone
		{6430B3CE-62A7-4D56-B3F0-3918E35B15C2}.AppStore|Any CPU.ActiveCfg = Release|iPhone
		{6430B3CE-62A7-4D56-B3F0-3918E35B15C2}.AppStore|Any CPU.Build.0 = Release|iPhone
		{6430B3CE-62A7-4D56-B3F0-3918E35B15C2}.AppStore|ARM.ActiveCfg = Release|iPhone
		{6430B3CE-62A7-4D56-B3F0-3918E35B15C2}.AppStore|ARM.Build.0 = Release|iPhone
		{6430B3CE-62A7-4D56-B3F0-3918E35B15C2}.AppStore|iPhone.ActiveCfg = Release|iPhone
		{6430B3CE-62A7-4D56-B3F0-3918E35B15C2}.AppStore|iPhone.Build.0 = Release|iPhone
		{6430B3CE-62A7-4D56-B3F0-3918E35B15C2}.AppStore|iPhoneSimulator.ActiveCfg = Release|iPhoneSimulator
		{6430B3CE-62A7-4D56-B3F0-3918E35B15C2}.AppStore|iPhoneSimulator.Build.0 = Release|iPhoneSimulator
		{6430B3CE-62A7-4D56-B3F0-3918E35B15C2}.AppStore|x64.ActiveCfg = Release|iPhone
		{6430B3CE-62A7-4D56-B3F0-3918E35B15C2}.AppStore|x64.Build.0 = Release|iPhone
		{6430B3CE-62A7-4D56-B3F0-3918E35B15C2}.AppStore|x86.ActiveCfg = Release|iPhone
		{6430B3CE-62A7-4D56-B3F0-3918E35B15C2}.AppStore|x86.Build.0 = Release|iPhone
		{6430B3CE-62A7-4D56-B3F0-3918E35B15C2}.Debug|Any CPU.ActiveCfg = Debug|iPhone
		{6430B3CE-62A7-4D56-B3F0-3918E35B15C2}.Debug|ARM.ActiveCfg = Debug|iPhone
		{6430B3CE-62A7-4D56-B3F0-3918E35B15C2}.Debug|iPhone.ActiveCfg = Debug|iPhone
		{6430B3CE-62A7-4D56-B3F0-3918E35B15C2}.Debug|iPhone.Build.0 = Debug|iPhone
		{6430B3CE-62A7-4D56-B3F0-3918E35B15C2}.Debug|iPhoneSimulator.ActiveCfg = Debug|iPhoneSimulator
		{6430B3CE-62A7-4D56-B3F0-3918E35B15C2}.Debug|iPhoneSimulator.Build.0 = Debug|iPhoneSimulator
		{6430B3CE-62A7-4D56-B3F0-3918E35B15C2}.Debug|x64.ActiveCfg = Debug|iPhone
		{6430B3CE-62A7-4D56-B3F0-3918E35B15C2}.Debug|x86.ActiveCfg = Debug|iPhone
		{6430B3CE-62A7-4D56-B3F0-3918E35B15C2}.Release|Any CPU.ActiveCfg = Release|iPhone
		{6430B3CE-62A7-4D56-B3F0-3918E35B15C2}.Release|ARM.ActiveCfg = Release|iPhone
		{6430B3CE-62A7-4D56-B3F0-3918E35B15C2}.Release|iPhone.ActiveCfg = Release|iPhone
		{6430B3CE-62A7-4D56-B3F0-3918E35B15C2}.Release|iPhone.Build.0 = Release|iPhone
		{6430B3CE-62A7-4D56-B3F0-3918E35B15C2}.Release|iPhoneSimulator.ActiveCfg = Release|iPhoneSimulator
		{6430B3CE-62A7-4D56-B3F0-3918E35B15C2}.Release|iPhoneSimulator.Build.0 = Release|iPhoneSimulator
		{6430B3CE-62A7-4D56-B3F0-3918E35B15C2}.Release|x64.ActiveCfg = Release|iPhone
		{6430B3CE-62A7-4D56-B3F0-3918E35B15C2}.Release|x86.ActiveCfg = Release|iPhone
		{E693946F-A958-4C6E-A02A-5EDC7436F4E1}.Ad-Hoc|Any CPU.ActiveCfg = Debug|Any CPU
		{E693946F-A958-4C6E-A02A-5EDC7436F4E1}.Ad-Hoc|Any CPU.Build.0 = Debug|Any CPU
		{E693946F-A958-4C6E-A02A-5EDC7436F4E1}.Ad-Hoc|ARM.ActiveCfg = Debug|Any CPU
		{E693946F-A958-4C6E-A02A-5EDC7436F4E1}.Ad-Hoc|ARM.Build.0 = Debug|Any CPU
		{E693946F-A958-4C6E-A02A-5EDC7436F4E1}.Ad-Hoc|iPhone.ActiveCfg = Debug|Any CPU
		{E693946F-A958-4C6E-A02A-5EDC7436F4E1}.Ad-Hoc|iPhone.Build.0 = Debug|Any CPU
		{E693946F-A958-4C6E-A02A-5EDC7436F4E1}.Ad-Hoc|iPhoneSimulator.ActiveCfg = Debug|Any CPU
		{E693946F-A958-4C6E-A02A-5EDC7436F4E1}.Ad-Hoc|iPhoneSimulator.Build.0 = Debug|Any CPU
		{E693946F-A958-4C6E-A02A-5EDC7436F4E1}.Ad-Hoc|x64.ActiveCfg = Debug|Any CPU
		{E693946F-A958-4C6E-A02A-5EDC7436F4E1}.Ad-Hoc|x64.Build.0 = Debug|Any CPU
		{E693946F-A958-4C6E-A02A-5EDC7436F4E1}.Ad-Hoc|x86.ActiveCfg = Debug|Any CPU
		{E693946F-A958-4C6E-A02A-5EDC7436F4E1}.Ad-Hoc|x86.Build.0 = Debug|Any CPU
		{E693946F-A958-4C6E-A02A-5EDC7436F4E1}.AppStore|Any CPU.ActiveCfg = Debug|Any CPU
		{E693946F-A958-4C6E-A02A-5EDC7436F4E1}.AppStore|Any CPU.Build.0 = Debug|Any CPU
		{E693946F-A958-4C6E-A02A-5EDC7436F4E1}.AppStore|ARM.ActiveCfg = Debug|Any CPU
		{E693946F-A958-4C6E-A02A-5EDC7436F4E1}.AppStore|ARM.Build.0 = Debug|Any CPU
		{E693946F-A958-4C6E-A02A-5EDC7436F4E1}.AppStore|iPhone.ActiveCfg = Debug|Any CPU
		{E693946F-A958-4C6E-A02A-5EDC7436F4E1}.AppStore|iPhone.Build.0 = Debug|Any CPU
		{E693946F-A958-4C6E-A02A-5EDC7436F4E1}.AppStore|iPhoneSimulator.ActiveCfg = Debug|Any CPU
		{E693946F-A958-4C6E-A02A-5EDC7436F4E1}.AppStore|iPhoneSimulator.Build.0 = Debug|Any CPU
		{E693946F-A958-4C6E-A02A-5EDC7436F4E1}.AppStore|x64.ActiveCfg = Debug|Any CPU
		{E693946F-A958-4C6E-A02A-5EDC7436F4E1}.AppStore|x64.Build.0 = Debug|Any CPU
		{E693946F-A958-4C6E-A02A-5EDC7436F4E1}.AppStore|x86.ActiveCfg = Debug|Any CPU
		{E693946F-A958-4C6E-A02A-5EDC7436F4E1}.AppStore|x86.Build.0 = Debug|Any CPU
		{E693946F-A958-4C6E-A02A-5EDC7436F4E1}.Debug|Any CPU.ActiveCfg = Debug|Any CPU
		{E693946F-A958-4C6E-A02A-5EDC7436F4E1}.Debug|Any CPU.Build.0 = Debug|Any CPU
		{E693946F-A958-4C6E-A02A-5EDC7436F4E1}.Debug|ARM.ActiveCfg = Debug|Any CPU
		{E693946F-A958-4C6E-A02A-5EDC7436F4E1}.Debug|ARM.Build.0 = Debug|Any CPU
		{E693946F-A958-4C6E-A02A-5EDC7436F4E1}.Debug|iPhone.ActiveCfg = Debug|Any CPU
		{E693946F-A958-4C6E-A02A-5EDC7436F4E1}.Debug|iPhone.Build.0 = Debug|Any CPU
		{E693946F-A958-4C6E-A02A-5EDC7436F4E1}.Debug|iPhoneSimulator.ActiveCfg = Debug|Any CPU
		{E693946F-A958-4C6E-A02A-5EDC7436F4E1}.Debug|iPhoneSimulator.Build.0 = Debug|Any CPU
		{E693946F-A958-4C6E-A02A-5EDC7436F4E1}.Debug|x64.ActiveCfg = Debug|Any CPU
		{E693946F-A958-4C6E-A02A-5EDC7436F4E1}.Debug|x64.Build.0 = Debug|Any CPU
		{E693946F-A958-4C6E-A02A-5EDC7436F4E1}.Debug|x86.ActiveCfg = Debug|Any CPU
		{E693946F-A958-4C6E-A02A-5EDC7436F4E1}.Debug|x86.Build.0 = Debug|Any CPU
		{E693946F-A958-4C6E-A02A-5EDC7436F4E1}.Release|Any CPU.ActiveCfg = Release|Any CPU
		{E693946F-A958-4C6E-A02A-5EDC7436F4E1}.Release|Any CPU.Build.0 = Release|Any CPU
		{E693946F-A958-4C6E-A02A-5EDC7436F4E1}.Release|ARM.ActiveCfg = Release|Any CPU
		{E693946F-A958-4C6E-A02A-5EDC7436F4E1}.Release|ARM.Build.0 = Release|Any CPU
		{E693946F-A958-4C6E-A02A-5EDC7436F4E1}.Release|iPhone.ActiveCfg = Release|Any CPU
		{E693946F-A958-4C6E-A02A-5EDC7436F4E1}.Release|iPhone.Build.0 = Release|Any CPU
		{E693946F-A958-4C6E-A02A-5EDC7436F4E1}.Release|iPhoneSimulator.ActiveCfg = Release|Any CPU
		{E693946F-A958-4C6E-A02A-5EDC7436F4E1}.Release|iPhoneSimulator.Build.0 = Release|Any CPU
		{E693946F-A958-4C6E-A02A-5EDC7436F4E1}.Release|x64.ActiveCfg = Release|Any CPU
		{E693946F-A958-4C6E-A02A-5EDC7436F4E1}.Release|x64.Build.0 = Release|Any CPU
		{E693946F-A958-4C6E-A02A-5EDC7436F4E1}.Release|x86.ActiveCfg = Release|Any CPU
		{E693946F-A958-4C6E-A02A-5EDC7436F4E1}.Release|x86.Build.0 = Release|Any CPU
	EndGlobalSection
	GlobalSection(SolutionProperties) = preSolution
		HideSolutionNode = FALSE
	EndGlobalSection
	GlobalSection(NestedProjects) = preSolution
		{A6FCEF44-D2BA-42C7-B3CB-13667BCD7B54} = {14DB9D7D-600A-4D8B-B416-44B11E33D335}
		{2882AEEB-D4CD-4EB9-8A6C-6653B33681F0} = {14DB9D7D-600A-4D8B-B416-44B11E33D335}
		{56A56F17-7DE1-4CA1-9617-BF32E971AC84} = {14DB9D7D-600A-4D8B-B416-44B11E33D335}
		{B0C61E0A-DFC1-4530-94B8-1929DC47121A} = {14DB9D7D-600A-4D8B-B416-44B11E33D335}
		{D593AE36-5052-4904-BD61-CA4CB419779B} = {EF56FE19-7F7D-470E-88CA-B4787EA79EFE}
		{1402979C-CD65-4C58-97A0-F147E00FB616} = {EF56FE19-7F7D-470E-88CA-B4787EA79EFE}
		{6430B3CE-62A7-4D56-B3F0-3918E35B15C2} = {EF56FE19-7F7D-470E-88CA-B4787EA79EFE}
		{E693946F-A958-4C6E-A02A-5EDC7436F4E1} = {EF56FE19-7F7D-470E-88CA-B4787EA79EFE}
	EndGlobalSection
	GlobalSection(ExtensibilityGlobals) = postSolution
		SolutionGuid = {DBE3564A-EF83-4ACC-B29E-0D8D95236C7E}
	EndGlobalSection
EndGlobal
